// !$*UTF8*$!
{
	archiveVersion = 1;
	classes = {
	};
	objectVersion = 55;
	objects = {

/* Begin PBXBuildFile section */
		9FAE4F3C27FF32C60073CA8F /* AppDelegate.swift in Sources */ = {isa = PBXBuildFile; fileRef = 9FAE4F3B27FF32C60073CA8F /* AppDelegate.swift */; };
		9FAE4F3E27FF32C60073CA8F /* SceneDelegate.swift in Sources */ = {isa = PBXBuildFile; fileRef = 9FAE4F3D27FF32C60073CA8F /* SceneDelegate.swift */; };
		9FAE4F4027FF32C60073CA8F /* ViewController.swift in Sources */ = {isa = PBXBuildFile; fileRef = 9FAE4F3F27FF32C60073CA8F /* ViewController.swift */; };
		9FAE4F4327FF32C60073CA8F /* Main.storyboard in Resources */ = {isa = PBXBuildFile; fileRef = 9FAE4F4127FF32C60073CA8F /* Main.storyboard */; };
		9FAE4F4527FF32CF0073CA8F /* Assets.xcassets in Resources */ = {isa = PBXBuildFile; fileRef = 9FAE4F4427FF32CF0073CA8F /* Assets.xcassets */; };
		9FAE4F4827FF32CF0073CA8F /* LaunchScreen.storyboard in Resources */ = {isa = PBXBuildFile; fileRef = 9FAE4F4627FF32CF0073CA8F /* LaunchScreen.storyboard */; };
		9FAE4F5327FF32CF0073CA8F /* IMCTests.swift in Sources */ = {isa = PBXBuildFile; fileRef = 9FAE4F5227FF32CF0073CA8F /* IMCTests.swift */; };
		9FAE4F5D27FF32CF0073CA8F /* IMCUITests.swift in Sources */ = {isa = PBXBuildFile; fileRef = 9FAE4F5C27FF32CF0073CA8F /* IMCUITests.swift */; };
		9FAE4F5F27FF32CF0073CA8F /* IMCUITestsLaunchTests.swift in Sources */ = {isa = PBXBuildFile; fileRef = 9FAE4F5E27FF32CF0073CA8F /* IMCUITestsLaunchTests.swift */; };
/* End PBXBuildFile section */

/* Begin PBXContainerItemProxy section */
		9FAE4F4F27FF32CF0073CA8F /* PBXContainerItemProxy */ = {
			isa = PBXContainerItemProxy;
			containerPortal = 9FAE4F3027FF32C60073CA8F /* Project object */;
			proxyType = 1;
			remoteGlobalIDString = 9FAE4F3727FF32C60073CA8F;
			remoteInfo = IMC;
		};
		9FAE4F5927FF32CF0073CA8F /* PBXContainerItemProxy */ = {
			isa = PBXContainerItemProxy;
			containerPortal = 9FAE4F3027FF32C60073CA8F /* Project object */;
			proxyType = 1;
			remoteGlobalIDString = 9FAE4F3727FF32C60073CA8F;
			remoteInfo = IMC;
		};
/* End PBXContainerItemProxy section */

/* Begin PBXFileReference section */
		9FAE4F3827FF32C60073CA8F /* IMC.app */ = {isa = PBXFileReference; explicitFileType = wrapper.application; includeInIndex = 0; path = IMC.app; sourceTree = BUILT_PRODUCTS_DIR; };
		9FAE4F3B27FF32C60073CA8F /* AppDelegate.swift */ = {isa = PBXFileReference; lastKnownFileType = sourcecode.swift; path = AppDelegate.swift; sourceTree = "<group>"; };
		9FAE4F3D27FF32C60073CA8F /* SceneDelegate.swift */ = {isa = PBXFileReference; lastKnownFileType = sourcecode.swift; path = SceneDelegate.swift; sourceTree = "<group>"; };
		9FAE4F3F27FF32C60073CA8F /* ViewController.swift */ = {isa = PBXFileReference; lastKnownFileType = sourcecode.swift; path = ViewController.swift; sourceTree = "<group>"; };
		9FAE4F4227FF32C60073CA8F /* Base */ = {isa = PBXFileReference; lastKnownFileType = file.storyboard; name = Base; path = Base.lproj/Main.storyboard; sourceTree = "<group>"; };
		9FAE4F4427FF32CF0073CA8F /* Assets.xcassets */ = {isa = PBXFileReference; lastKnownFileType = folder.assetcatalog; path = Assets.xcassets; sourceTree = "<group>"; };
		9FAE4F4727FF32CF0073CA8F /* Base */ = {isa = PBXFileReference; lastKnownFileType = file.storyboard; name = Base; path = Base.lproj/LaunchScreen.storyboard; sourceTree = "<group>"; };
		9FAE4F4927FF32CF0073CA8F /* Info.plist */ = {isa = PBXFileReference; lastKnownFileType = text.plist.xml; path = Info.plist; sourceTree = "<group>"; };
		9FAE4F4E27FF32CF0073CA8F /* IMCTests.xctest */ = {isa = PBXFileReference; explicitFileType = wrapper.cfbundle; includeInIndex = 0; path = IMCTests.xctest; sourceTree = BUILT_PRODUCTS_DIR; };
		9FAE4F5227FF32CF0073CA8F /* IMCTests.swift */ = {isa = PBXFileReference; lastKnownFileType = sourcecode.swift; path = IMCTests.swift; sourceTree = "<group>"; };
		9FAE4F5827FF32CF0073CA8F /* IMCUITests.xctest */ = {isa = PBXFileReference; explicitFileType = wrapper.cfbundle; includeInIndex = 0; path = IMCUITests.xctest; sourceTree = BUILT_PRODUCTS_DIR; };
		9FAE4F5C27FF32CF0073CA8F /* IMCUITests.swift */ = {isa = PBXFileReference; lastKnownFileType = sourcecode.swift; path = IMCUITests.swift; sourceTree = "<group>"; };
		9FAE4F5E27FF32CF0073CA8F /* IMCUITestsLaunchTests.swift */ = {isa = PBXFileReference; lastKnownFileType = sourcecode.swift; path = IMCUITestsLaunchTests.swift; sourceTree = "<group>"; };
/* End PBXFileReference section */

/* Begin PBXFrameworksBuildPhase section */
		9FAE4F3527FF32C60073CA8F /* Frameworks */ = {
			isa = PBXFrameworksBuildPhase;
			buildActionMask = 2147483647;
			files = (
			);
			runOnlyForDeploymentPostprocessing = 0;
		};
		9FAE4F4B27FF32CF0073CA8F /* Frameworks */ = {
			isa = PBXFrameworksBuildPhase;
			buildActionMask = 2147483647;
			files = (
			);
			runOnlyForDeploymentPostprocessing = 0;
		};
		9FAE4F5527FF32CF0073CA8F /* Frameworks */ = {
			isa = PBXFrameworksBuildPhase;
			buildActionMask = 2147483647;
			files = (
			);
			runOnlyForDeploymentPostprocessing = 0;
		};
/* End PBXFrameworksBuildPhase section */

/* Begin PBXGroup section */
		9FAE4F2F27FF32C60073CA8F = {
			isa = PBXGroup;
			children = (
				9FAE4F3A27FF32C60073CA8F /* IMC */,
				9FAE4F5127FF32CF0073CA8F /* IMCTests */,
				9FAE4F5B27FF32CF0073CA8F /* IMCUITests */,
				9FAE4F3927FF32C60073CA8F /* Products */,
			);
			sourceTree = "<group>";
		};
		9FAE4F3927FF32C60073CA8F /* Products */ = {
			isa = PBXGroup;
			children = (
				9FAE4F3827FF32C60073CA8F /* IMC.app */,
				9FAE4F4E27FF32CF0073CA8F /* IMCTests.xctest */,
				9FAE4F5827FF32CF0073CA8F /* IMCUITests.xctest */,
			);
			name = Products;
			sourceTree = "<group>";
		};
		9FAE4F3A27FF32C60073CA8F /* IMC */ = {
			isa = PBXGroup;
			children = (
				9FAE4F3B27FF32C60073CA8F /* AppDelegate.swift */,
				9FAE4F3D27FF32C60073CA8F /* SceneDelegate.swift */,
				9FAE4F3F27FF32C60073CA8F /* ViewController.swift */,
				9FAE4F4127FF32C60073CA8F /* Main.storyboard */,
				9FAE4F4627FF32CF0073CA8F /* LaunchScreen.storyboard */,
				9FAE4F4427FF32CF0073CA8F /* Assets.xcassets */,
				9FAE4F4927FF32CF0073CA8F /* Info.plist */,
			);
			path = IMC;
			sourceTree = "<group>";
		};
		9FAE4F5127FF32CF0073CA8F /* IMCTests */ = {
			isa = PBXGroup;
			children = (
				9FAE4F5227FF32CF0073CA8F /* IMCTests.swift */,
			);
			path = IMCTests;
			sourceTree = "<group>";
		};
		9FAE4F5B27FF32CF0073CA8F /* IMCUITests */ = {
			isa = PBXGroup;
			children = (
				9FAE4F5C27FF32CF0073CA8F /* IMCUITests.swift */,
				9FAE4F5E27FF32CF0073CA8F /* IMCUITestsLaunchTests.swift */,
			);
			path = IMCUITests;
			sourceTree = "<group>";
		};
/* End PBXGroup section */

/* Begin PBXNativeTarget section */
		9FAE4F3727FF32C60073CA8F /* IMC */ = {
			isa = PBXNativeTarget;
			buildConfigurationList = 9FAE4F6227FF32CF0073CA8F /* Build configuration list for PBXNativeTarget "IMC" */;
			buildPhases = (
				9FAE4F3427FF32C60073CA8F /* Sources */,
				9FAE4F3527FF32C60073CA8F /* Frameworks */,
				9FAE4F3627FF32C60073CA8F /* Resources */,
			);
			buildRules = (
			);
			dependencies = (
			);
			name = IMC;
			productName = IMC;
			productReference = 9FAE4F3827FF32C60073CA8F /* IMC.app */;
			productType = "com.apple.product-type.application";
		};
		9FAE4F4D27FF32CF0073CA8F /* IMCTests */ = {
			isa = PBXNativeTarget;
			buildConfigurationList = 9FAE4F6527FF32CF0073CA8F /* Build configuration list for PBXNativeTarget "IMCTests" */;
			buildPhases = (
				9FAE4F4A27FF32CF0073CA8F /* Sources */,
				9FAE4F4B27FF32CF0073CA8F /* Frameworks */,
				9FAE4F4C27FF32CF0073CA8F /* Resources */,
			);
			buildRules = (
			);
			dependencies = (
				9FAE4F5027FF32CF0073CA8F /* PBXTargetDependency */,
			);
			name = IMCTests;
			productName = IMCTests;
			productReference = 9FAE4F4E27FF32CF0073CA8F /* IMCTests.xctest */;
			productType = "com.apple.product-type.bundle.unit-test";
		};
		9FAE4F5727FF32CF0073CA8F /* IMCUITests */ = {
			isa = PBXNativeTarget;
			buildConfigurationList = 9FAE4F6827FF32CF0073CA8F /* Build configuration list for PBXNativeTarget "IMCUITests" */;
			buildPhases = (
				9FAE4F5427FF32CF0073CA8F /* Sources */,
				9FAE4F5527FF32CF0073CA8F /* Frameworks */,
				9FAE4F5627FF32CF0073CA8F /* Resources */,
			);
			buildRules = (
			);
			dependencies = (
				9FAE4F5A27FF32CF0073CA8F /* PBXTargetDependency */,
			);
			name = IMCUITests;
			productName = IMCUITests;
			productReference = 9FAE4F5827FF32CF0073CA8F /* IMCUITests.xctest */;
			productType = "com.apple.product-type.bundle.ui-testing";
		};
/* End PBXNativeTarget section */

/* Begin PBXProject section */
		9FAE4F3027FF32C60073CA8F /* Project object */ = {
			isa = PBXProject;
			attributes = {
				BuildIndependentTargetsInParallel = 1;
				LastSwiftUpdateCheck = 1330;
				LastUpgradeCheck = 1330;
				TargetAttributes = {
					9FAE4F3727FF32C60073CA8F = {
						CreatedOnToolsVersion = 13.3;
					};
					9FAE4F4D27FF32CF0073CA8F = {
						CreatedOnToolsVersion = 13.3;
						TestTargetID = 9FAE4F3727FF32C60073CA8F;
					};
					9FAE4F5727FF32CF0073CA8F = {
						CreatedOnToolsVersion = 13.3;
						TestTargetID = 9FAE4F3727FF32C60073CA8F;
					};
				};
			};
			buildConfigurationList = 9FAE4F3327FF32C60073CA8F /* Build configuration list for PBXProject "IMC" */;
			compatibilityVersion = "Xcode 13.0";
			developmentRegion = en;
			hasScannedForEncodings = 0;
			knownRegions = (
				en,
				Base,
			);
			mainGroup = 9FAE4F2F27FF32C60073CA8F;
			productRefGroup = 9FAE4F3927FF32C60073CA8F /* Products */;
			projectDirPath = "";
			projectRoot = "";
			targets = (
				9FAE4F3727FF32C60073CA8F /* IMC */,
				9FAE4F4D27FF32CF0073CA8F /* IMCTests */,
				9FAE4F5727FF32CF0073CA8F /* IMCUITests */,
			);
		};
/* End PBXProject section */

/* Begin PBXResourcesBuildPhase section */
		9FAE4F3627FF32C60073CA8F /* Resources */ = {
			isa = PBXResourcesBuildPhase;
			buildActionMask = 2147483647;
			files = (
				9FAE4F4827FF32CF0073CA8F /* LaunchScreen.storyboard in Resources */,
				9FAE4F4527FF32CF0073CA8F /* Assets.xcassets in Resources */,
				9FAE4F4327FF32C60073CA8F /* Main.storyboard in Resources */,
			);
			runOnlyForDeploymentPostprocessing = 0;
		};
		9FAE4F4C27FF32CF0073CA8F /* Resources */ = {
			isa = PBXResourcesBuildPhase;
			buildActionMask = 2147483647;
			files = (
			);
			runOnlyForDeploymentPostprocessing = 0;
		};
		9FAE4F5627FF32CF0073CA8F /* Resources */ = {
			isa = PBXResourcesBuildPhase;
			buildActionMask = 2147483647;
			files = (
			);
			runOnlyForDeploymentPostprocessing = 0;
		};
/* End PBXResourcesBuildPhase section */

/* Begin PBXSourcesBuildPhase section */
		9FAE4F3427FF32C60073CA8F /* Sources */ = {
			isa = PBXSourcesBuildPhase;
			buildActionMask = 2147483647;
			files = (
				9FAE4F4027FF32C60073CA8F /* ViewController.swift in Sources */,
				9FAE4F3C27FF32C60073CA8F /* AppDelegate.swift in Sources */,
				9FAE4F3E27FF32C60073CA8F /* SceneDelegate.swift in Sources */,
			);
			runOnlyForDeploymentPostprocessing = 0;
		};
		9FAE4F4A27FF32CF0073CA8F /* Sources */ = {
			isa = PBXSourcesBuildPhase;
			buildActionMask = 2147483647;
			files = (
				9FAE4F5327FF32CF0073CA8F /* IMCTests.swift in Sources */,
			);
			runOnlyForDeploymentPostprocessing = 0;
		};
		9FAE4F5427FF32CF0073CA8F /* Sources */ = {
			isa = PBXSourcesBuildPhase;
			buildActionMask = 2147483647;
			files = (
				9FAE4F5F27FF32CF0073CA8F /* IMCUITestsLaunchTests.swift in Sources */,
				9FAE4F5D27FF32CF0073CA8F /* IMCUITests.swift in Sources */,
			);
			runOnlyForDeploymentPostprocessing = 0;
		};
/* End PBXSourcesBuildPhase section */

/* Begin PBXTargetDependency section */
		9FAE4F5027FF32CF0073CA8F /* PBXTargetDependency */ = {
			isa = PBXTargetDependency;
			target = 9FAE4F3727FF32C60073CA8F /* IMC */;
			targetProxy = 9FAE4F4F27FF32CF0073CA8F /* PBXContainerItemProxy */;
		};
		9FAE4F5A27FF32CF0073CA8F /* PBXTargetDependency */ = {
			isa = PBXTargetDependency;
			target = 9FAE4F3727FF32C60073CA8F /* IMC */;
			targetProxy = 9FAE4F5927FF32CF0073CA8F /* PBXContainerItemProxy */;
		};
/* End PBXTargetDependency section */

/* Begin PBXVariantGroup section */
		9FAE4F4127FF32C60073CA8F /* Main.storyboard */ = {
			isa = PBXVariantGroup;
			children = (
				9FAE4F4227FF32C60073CA8F /* Base */,
			);
			name = Main.storyboard;
			sourceTree = "<group>";
		};
		9FAE4F4627FF32CF0073CA8F /* LaunchScreen.storyboard */ = {
			isa = PBXVariantGroup;
			children = (
				9FAE4F4727FF32CF0073CA8F /* Base */,
			);
			name = LaunchScreen.storyboard;
			sourceTree = "<group>";
		};
/* End PBXVariantGroup section */

/* Begin XCBuildConfiguration section */
		9FAE4F6027FF32CF0073CA8F /* Debug */ = {
			isa = XCBuildConfiguration;
			buildSettings = {
				ALWAYS_SEARCH_USER_PATHS = NO;
				CLANG_ANALYZER_NONNULL = YES;
				CLANG_ANALYZER_NUMBER_OBJECT_CONVERSION = YES_AGGRESSIVE;
				CLANG_CXX_LANGUAGE_STANDARD = "gnu++17";
				CLANG_ENABLE_MODULES = YES;
				CLANG_ENABLE_OBJC_ARC = YES;
				CLANG_ENABLE_OBJC_WEAK = YES;
				CLANG_WARN_BLOCK_CAPTURE_AUTORELEASING = YES;
				CLANG_WARN_BOOL_CONVERSION = YES;
				CLANG_WARN_COMMA = YES;
				CLANG_WARN_CONSTANT_CONVERSION = YES;
				CLANG_WARN_DEPRECATED_OBJC_IMPLEMENTATIONS = YES;
				CLANG_WARN_DIRECT_OBJC_ISA_USAGE = YES_ERROR;
				CLANG_WARN_DOCUMENTATION_COMMENTS = YES;
				CLANG_WARN_EMPTY_BODY = YES;
				CLANG_WARN_ENUM_CONVERSION = YES;
				CLANG_WARN_INFINITE_RECURSION = YES;
				CLANG_WARN_INT_CONVERSION = YES;
				CLANG_WARN_NON_LITERAL_NULL_CONVERSION = YES;
				CLANG_WARN_OBJC_IMPLICIT_RETAIN_SELF = YES;
				CLANG_WARN_OBJC_LITERAL_CONVERSION = YES;
				CLANG_WARN_OBJC_ROOT_CLASS = YES_ERROR;
				CLANG_WARN_QUOTED_INCLUDE_IN_FRAMEWORK_HEADER = YES;
				CLANG_WARN_RANGE_LOOP_ANALYSIS = YES;
				CLANG_WARN_STRICT_PROTOTYPES = YES;
				CLANG_WARN_SUSPICIOUS_MOVE = YES;
				CLANG_WARN_UNGUARDED_AVAILABILITY = YES_AGGRESSIVE;
				CLANG_WARN_UNREACHABLE_CODE = YES;
				CLANG_WARN__DUPLICATE_METHOD_MATCH = YES;
				COPY_PHASE_STRIP = NO;
				DEBUG_INFORMATION_FORMAT = dwarf;
				ENABLE_STRICT_OBJC_MSGSEND = YES;
				ENABLE_TESTABILITY = YES;
				GCC_C_LANGUAGE_STANDARD = gnu11;
				GCC_DYNAMIC_NO_PIC = NO;
				GCC_NO_COMMON_BLOCKS = YES;
				GCC_OPTIMIZATION_LEVEL = 0;
				GCC_PREPROCESSOR_DEFINITIONS = (
					"DEBUG=1",
					"$(inherited)",
				);
				GCC_WARN_64_TO_32_BIT_CONVERSION = YES;
				GCC_WARN_ABOUT_RETURN_TYPE = YES_ERROR;
				GCC_WARN_UNDECLARED_SELECTOR = YES;
				GCC_WARN_UNINITIALIZED_AUTOS = YES_AGGRESSIVE;
				GCC_WARN_UNUSED_FUNCTION = YES;
				GCC_WARN_UNUSED_VARIABLE = YES;
				IPHONEOS_DEPLOYMENT_TARGET = 15.0;
				MTL_ENABLE_DEBUG_INFO = INCLUDE_SOURCE;
				MTL_FAST_MATH = YES;
				ONLY_ACTIVE_ARCH = YES;
				SDKROOT = iphoneos;
				SWIFT_ACTIVE_COMPILATION_CONDITIONS = DEBUG;
				SWIFT_OPTIMIZATION_LEVEL = "-Onone";
			};
			name = Debug;
		};
		9FAE4F6127FF32CF0073CA8F /* Release */ = {
			isa = XCBuildConfiguration;
			buildSettings = {
				ALWAYS_SEARCH_USER_PATHS = NO;
				CLANG_ANALYZER_NONNULL = YES;
				CLANG_ANALYZER_NUMBER_OBJECT_CONVERSION = YES_AGGRESSIVE;
				CLANG_CXX_LANGUAGE_STANDARD = "gnu++17";
				CLANG_ENABLE_MODULES = YES;
				CLANG_ENABLE_OBJC_ARC = YES;
				CLANG_ENABLE_OBJC_WEAK = YES;
				CLANG_WARN_BLOCK_CAPTURE_AUTORELEASING = YES;
				CLANG_WARN_BOOL_CONVERSION = YES;
				CLANG_WARN_COMMA = YES;
				CLANG_WARN_CONSTANT_CONVERSION = YES;
				CLANG_WARN_DEPRECATED_OBJC_IMPLEMENTATIONS = YES;
				CLANG_WARN_DIRECT_OBJC_ISA_USAGE = YES_ERROR;
				CLANG_WARN_DOCUMENTATION_COMMENTS = YES;
				CLANG_WARN_EMPTY_BODY = YES;
				CLANG_WARN_ENUM_CONVERSION = YES;
				CLANG_WARN_INFINITE_RECURSION = YES;
				CLANG_WARN_INT_CONVERSION = YES;
				CLANG_WARN_NON_LITERAL_NULL_CONVERSION = YES;
				CLANG_WARN_OBJC_IMPLICIT_RETAIN_SELF = YES;
				CLANG_WARN_OBJC_LITERAL_CONVERSION = YES;
				CLANG_WARN_OBJC_ROOT_CLASS = YES_ERROR;
				CLANG_WARN_QUOTED_INCLUDE_IN_FRAMEWORK_HEADER = YES;
				CLANG_WARN_RANGE_LOOP_ANALYSIS = YES;
				CLANG_WARN_STRICT_PROTOTYPES = YES;
				CLANG_WARN_SUSPICIOUS_MOVE = YES;
				CLANG_WARN_UNGUARDED_AVAILABILITY = YES_AGGRESSIVE;
				CLANG_WARN_UNREACHABLE_CODE = YES;
				CLANG_WARN__DUPLICATE_METHOD_MATCH = YES;
				COPY_PHASE_STRIP = NO;
				DEBUG_INFORMATION_FORMAT = "dwarf-with-dsym";
				ENABLE_NS_ASSERTIONS = NO;
				ENABLE_STRICT_OBJC_MSGSEND = YES;
				ENABLE_TESTABILITY = NO;
				GCC_C_LANGUAGE_STANDARD = gnu11;
				GCC_NO_COMMON_BLOCKS = YES;
				GCC_WARN_64_TO_32_BIT_CONVERSION = YES;
				GCC_WARN_ABOUT_RETURN_TYPE = YES_ERROR;
				GCC_WARN_UNDECLARED_SELECTOR = YES;
				GCC_WARN_UNINITIALIZED_AUTOS = YES_AGGRESSIVE;
				GCC_WARN_UNUSED_FUNCTION = YES;
				GCC_WARN_UNUSED_VARIABLE = YES;
				IPHONEOS_DEPLOYMENT_TARGET = 15.0;
				MTL_ENABLE_DEBUG_INFO = NO;
				MTL_FAST_MATH = YES;
				SDKROOT = iphoneos;
				SWIFT_COMPILATION_MODE = wholemodule;
				SWIFT_OPTIMIZATION_LEVEL = "-O";
				VALIDATE_PRODUCT = YES;
			};
			name = Release;
		};
		9FAE4F6327FF32CF0073CA8F /* Debug */ = {
			isa = XCBuildConfiguration;
			buildSettings = {
				ASSETCATALOG_COMPILER_APPICON_NAME = AppIcon;
				ASSETCATALOG_COMPILER_GLOBAL_ACCENT_COLOR_NAME = AccentColor;
				CODE_SIGN_STYLE = Automatic;
				CURRENT_PROJECT_VERSION = 1;
				DEVELOPMENT_TEAM = ZR7942V3MJ;
				GENERATE_INFOPLIST_FILE = YES;
				INFOPLIST_FILE = IMC/Info.plist;
				INFOPLIST_KEY_UIApplicationSupportsIndirectInputEvents = YES;
				INFOPLIST_KEY_UILaunchStoryboardName = LaunchScreen;
				INFOPLIST_KEY_UIMainStoryboardFile = Main;
				INFOPLIST_KEY_UISupportedInterfaceOrientations_iPad = "UIInterfaceOrientationPortrait UIInterfaceOrientationPortraitUpsideDown UIInterfaceOrientationLandscapeLeft UIInterfaceOrientationLandscapeRight";
				INFOPLIST_KEY_UISupportedInterfaceOrientations_iPhone = "UIInterfaceOrientationPortrait UIInterfaceOrientationLandscapeLeft UIInterfaceOrientationLandscapeRight";
				LD_RUNPATH_SEARCH_PATHS = (
					"$(inherited)",
					"@executable_path/Frameworks",
				);
				MARKETING_VERSION = 1.0;
				PRODUCT_BUNDLE_IDENTIFIER = br.com.brojato.IMC;
				PRODUCT_NAME = "$(TARGET_NAME)";
				SWIFT_EMIT_LOC_STRINGS = YES;
				SWIFT_VERSION = 5.0;
				TARGETED_DEVICE_FAMILY = "1,2";
			};
			name = Debug;
		};
		9FAE4F6427FF32CF0073CA8F /* Release */ = {
			isa = XCBuildConfiguration;
			buildSettings = {
				ASSETCATALOG_COMPILER_APPICON_NAME = AppIcon;
				ASSETCATALOG_COMPILER_GLOBAL_ACCENT_COLOR_NAME = AccentColor;
				CODE_SIGN_STYLE = Automatic;
				CURRENT_PROJECT_VERSION = 1;
				DEVELOPMENT_TEAM = ZR7942V3MJ;
				GENERATE_INFOPLIST_FILE = YES;
				INFOPLIST_FILE = IMC/Info.plist;
				INFOPLIST_KEY_UIApplicationSupportsIndirectInputEvents = YES;
				INFOPLIST_KEY_UILaunchStoryboardName = LaunchScreen;
				INFOPLIST_KEY_UIMainStoryboardFile = Main;
				INFOPLIST_KEY_UISupportedInterfaceOrientations_iPad = "UIInterfaceOrientationPortrait UIInterfaceOrientationPortraitUpsideDown UIInterfaceOrientationLandscapeLeft UIInterfaceOrientationLandscapeRight";
				INFOPLIST_KEY_UISupportedInterfaceOrientations_iPhone = "UIInterfaceOrientationPortrait UIInterfaceOrientationLandscapeLeft UIInterfaceOrientationLandscapeRight";
				LD_RUNPATH_SEARCH_PATHS = (
					"$(inherited)",
					"@executable_path/Frameworks",
				);
				MARKETING_VERSION = 1.0;
				PRODUCT_BUNDLE_IDENTIFIER = br.com.brojato.IMC;
				PRODUCT_NAME = "$(TARGET_NAME)";
				SWIFT_EMIT_LOC_STRINGS = YES;
				SWIFT_VERSION = 5.0;
				TARGETED_DEVICE_FAMILY = "1,2";
			};
			name = Release;
		};
		9FAE4F6627FF32CF0073CA8F /* Debug */ = {
			isa = XCBuildConfiguration;
			buildSettings = {
				ALWAYS_EMBED_SWIFT_STANDARD_LIBRARIES = YES;
				BUNDLE_LOADER = "$(TEST_HOST)";
				CODE_SIGN_STYLE = Automatic;
				CURRENT_PROJECT_VERSION = 1;
				DEVELOPMENT_TEAM = ZR7942V3MJ;
				GENERATE_INFOPLIST_FILE = YES;
				IPHONEOS_DEPLOYMENT_TARGET = 15.4;
				MARKETING_VERSION = 1.0;
				PRODUCT_BUNDLE_IDENTIFIER = br.com.brojato.IMCTests;
				PRODUCT_NAME = "$(TARGET_NAME)";
				SWIFT_EMIT_LOC_STRINGS = NO;
				SWIFT_VERSION = 5.0;
				TARGETED_DEVICE_FAMILY = "1,2";
				TEST_HOST = "$(BUILT_PRODUCTS_DIR)/IMC.app/IMC";
			};
			name = Debug;
		};
		9FAE4F6727FF32CF0073CA8F /* Release */ = {
			isa = XCBuildConfiguration;
			buildSettings = {
				ALWAYS_EMBED_SWIFT_STANDARD_LIBRARIES = YES;
				BUNDLE_LOADER = "$(TEST_HOST)";
				CODE_SIGN_STYLE = Automatic;
				CURRENT_PROJECT_VERSION = 1;
				DEVELOPMENT_TEAM = ZR7942V3MJ;
				GENERATE_INFOPLIST_FILE = YES;
				IPHONEOS_DEPLOYMENT_TARGET = 15.4;
				MARKETING_VERSION = 1.0;
				PRODUCT_BUNDLE_IDENTIFIER = br.com.brojato.IMCTests;
				PRODUCT_NAME = "$(TARGET_NAME)";
				SWIFT_EMIT_LOC_STRINGS = NO;
				SWIFT_VERSION = 5.0;
				TARGETED_DEVICE_FAMILY = "1,2";
				TEST_HOST = "$(BUILT_PRODUCTS_DIR)/IMC.app/IMC";
			};
			name = Release;
		};
		9FAE4F6927FF32CF0073CA8F /* Debug */ = {
			isa = XCBuildConfiguration;
			buildSettings = {
				ALWAYS_EMBED_SWIFT_STANDARD_LIBRARIES = YES;
				CODE_SIGN_STYLE = Automatic;
				CURRENT_PROJECT_VERSION = 1;
				DEVELOPMENT_TEAM = ZR7942V3MJ;
				GENERATE_INFOPLIST_FILE = YES;
				MARKETING_VERSION = 1.0;
				PRODUCT_BUNDLE_IDENTIFIER = br.com.brojato.IMCUITests;
				PRODUCT_NAME = "$(TARGET_NAME)";
				SWIFT_EMIT_LOC_STRINGS = NO;
				SWIFT_VERSION = 5.0;
				TARGETED_DEVICE_FAMILY = "1,2";
				TEST_TARGET_NAME = IMC;
			};
			name = Debug;
		};
		9FAE4F6A27FF32CF0073CA8F /* Release */ = {
			isa = XCBuildConfiguration;
			buildSettings = {
				ALWAYS_EMBED_SWIFT_STANDARD_LIBRARIES = YES;
				CODE_SIGN_STYLE = Automatic;
				CURRENT_PROJECT_VERSION = 1;
				DEVELOPMENT_TEAM = ZR7942V3MJ;
				GENERATE_INFOPLIST_FILE = YES;
				MARKETING_VERSION = 1.0;
				PRODUCT_BUNDLE_IDENTIFIER = br.com.brojato.IMCUITests;
				PRODUCT_NAME = "$(TARGET_NAME)";
				SWIFT_EMIT_LOC_STRINGS = NO;
				SWIFT_VERSION = 5.0;
				TARGETED_DEVICE_FAMILY = "1,2";
				TEST_TARGET_NAME = IMC;
			};
			name = Release;
		};
/* End XCBuildConfiguration section */

/* Begin XCConfigurationList section */
		9FAE4F3327FF32C60073CA8F /* Build configuration list for PBXProject "IMC" */ = {
			isa = XCConfigurationList;
			buildConfigurations = (
				9FAE4F6027FF32CF0073CA8F /* Debug */,
				9FAE4F6127FF32CF0073CA8F /* Release */,
			);
			defaultConfigurationIsVisible = 0;
			defaultConfigurationName = Release;
		};
		9FAE4F6227FF32CF0073CA8F /* Build configuration list for PBXNativeTarget "IMC" */ = {
			isa = XCConfigurationList;
			buildConfigurations = (
				9FAE4F6327FF32CF0073CA8F /* Debug */,
				9FAE4F6427FF32CF0073CA8F /* Release */,
			);
			defaultConfigurationIsVisible = 0;
			defaultConfigurationName = Release;
		};
		9FAE4F6527FF32CF0073CA8F /* Build configuration list for PBXNativeTarget "IMCTests" */ = {
			isa = XCConfigurationList;
			buildConfigurations = (
				9FAE4F6627FF32CF0073CA8F /* Debug */,
				9FAE4F6727FF32CF0073CA8F /* Release */,
			);
			defaultConfigurationIsVisible = 0;
			defaultConfigurationName = Release;
		};
		9FAE4F6827FF32CF0073CA8F /* Build configuration list for PBXNativeTarget "IMCUITests" */ = {
			isa = XCConfigurationList;
			buildConfigurations = (
				9FAE4F6927FF32CF0073CA8F /* Debug */,
				9FAE4F6A27FF32CF0073CA8F /* Release */,
			);
			defaultConfigurationIsVisible = 0;
			defaultConfigurationName = Release;
		};
/* End XCConfigurationList section */
	};
	rootObject = 9FAE4F3027FF32C60073CA8F /* Project object */;
}
